
Microsoft Visual Studio Solution File, Format Version 12.00
# Visual Studio Version 17
VisualStudioVersion = 17.11.35327.3
MinimumVisualStudioVersion = 10.0.40219.1
Project("{FAE04EC0-301F-11D3-BF4B-00C04F79EFBC}") = "LinqDemo", "LinqDemo\LinqDemo.csproj", "{0910B741-D2CE-4BB7-BA76-E86C40A503FF}"
EndProject
Global
	GlobalSection(SolutionConfigurationPlatforms) = preSolution
		Debug|Any CPU = Debug|Any CPU
		Release|Any CPU = Release|Any CPU
	EndGlobalSection
	GlobalSection(ProjectConfigurationPlatforms) = postSolution
		{0910B741-D2CE-4BB7-BA76-E86C40A503FF}.Debug|Any CPU.ActiveCfg = Debug|Any CPU
		{0910B741-D2CE-4BB7-BA76-E86C40A503FF}.Debug|Any CPU.Build.0 = Debug|Any CPU
		{0910B741-D2CE-4BB7-BA76-E86C40A503FF}.Release|Any CPU.ActiveCfg = Release|Any CPU
		{0910B741-D2CE-4BB7-BA76-E86C40A503FF}.Release|Any CPU.Build.0 = Release|Any CPU
	EndGlobalSection
	GlobalSection(SolutionProperties) = preSolution
		HideSolutionNode = FALSE
	EndGlobalSection
	GlobalSection(ExtensibilityGlobals) = postSolution
		SolutionGuid = {EA55E168-F2C0-4E3C-B6CF-A1B460514F27}
	EndGlobalSection
EndGlobal
