
Microsoft Visual Studio Solution File, Format Version 12.00
# Visual Studio Version 17
VisualStudioVersion = 17.11.35327.3
MinimumVisualStudioVersion = 10.0.40219.1
Project("{FAE04EC0-301F-11D3-BF4B-00C04F79EFBC}") = "Banking.Domain", "Banking.Domain\Banking.Domain.csproj", "{F2CDAD28-E856-473F-A503-70843B64B419}"
EndProject
Project("{FAE04EC0-301F-11D3-BF4B-00C04F79EFBC}") = "Banking.Tests", "Banking.Tests\Banking.Tests.csproj", "{099CD6D9-B6F0-4119-801B-2675F9406955}"
EndProject
Global
	GlobalSection(SolutionConfigurationPlatforms) = preSolution
		Debug|Any CPU = Debug|Any CPU
		Release|Any CPU = Release|Any CPU
	EndGlobalSection
	GlobalSection(ProjectConfigurationPlatforms) = postSolution
		{F2CDAD28-E856-473F-A503-70843B64B419}.Debug|Any CPU.ActiveCfg = Debug|Any CPU
		{F2CDAD28-E856-473F-A503-70843B64B419}.Debug|Any CPU.Build.0 = Debug|Any CPU
		{F2CDAD28-E856-473F-A503-70843B64B419}.Release|Any CPU.ActiveCfg = Release|Any CPU
		{F2CDAD28-E856-473F-A503-70843B64B419}.Release|Any CPU.Build.0 = Release|Any CPU
		{099CD6D9-B6F0-4119-801B-2675F9406955}.Debug|Any CPU.ActiveCfg = Debug|Any CPU
		{099CD6D9-B6F0-4119-801B-2675F9406955}.Debug|Any CPU.Build.0 = Debug|Any CPU
		{099CD6D9-B6F0-4119-801B-2675F9406955}.Release|Any CPU.ActiveCfg = Release|Any CPU
		{099CD6D9-B6F0-4119-801B-2675F9406955}.Release|Any CPU.Build.0 = Release|Any CPU
	EndGlobalSection
	GlobalSection(SolutionProperties) = preSolution
		HideSolutionNode = FALSE
	EndGlobalSection
	GlobalSection(ExtensibilityGlobals) = postSolution
		SolutionGuid = {08D18726-83B3-4E45-9F52-1067EDF59C56}
	EndGlobalSection
EndGlobal
