
Microsoft Visual Studio Solution File, Format Version 12.00
# Visual Studio Version 17
VisualStudioVersion = 17.11.35327.3
MinimumVisualStudioVersion = 10.0.40219.1
Project("{FAE04EC0-301F-11D3-BF4B-00C04F79EFBC}") = "HelloWorld", "HelloWorld\HelloWorld.csproj", "{F86C84C5-A182-4FB8-A781-CE3EB19B22DA}"
EndProject
Global
	GlobalSection(SolutionConfigurationPlatforms) = preSolution
		Debug|Any CPU = Debug|Any CPU
		Release|Any CPU = Release|Any CPU
	EndGlobalSection
	GlobalSection(ProjectConfigurationPlatforms) = postSolution
		{F86C84C5-A182-4FB8-A781-CE3EB19B22DA}.Debug|Any CPU.ActiveCfg = Debug|Any CPU
		{F86C84C5-A182-4FB8-A781-CE3EB19B22DA}.Debug|Any CPU.Build.0 = Debug|Any CPU
		{F86C84C5-A182-4FB8-A781-CE3EB19B22DA}.Release|Any CPU.ActiveCfg = Release|Any CPU
		{F86C84C5-A182-4FB8-A781-CE3EB19B22DA}.Release|Any CPU.Build.0 = Release|Any CPU
	EndGlobalSection
	GlobalSection(SolutionProperties) = preSolution
		HideSolutionNode = FALSE
	EndGlobalSection
	GlobalSection(ExtensibilityGlobals) = postSolution
		SolutionGuid = {C47E96A9-531C-4DEB-8C0D-D54059A2CB44}
	EndGlobalSection
EndGlobal
